
Microsoft Visual Studio Solution File, Format Version 12.00
# Visual Studio 15
VisualStudioVersion = 15.0.26124.0
MinimumVisualStudioVersion = 15.0.26124.0
Project("{FAE04EC0-301F-11D3-BF4B-00C04F79EFBC}") = "Entities", "Entities\Entities.csproj", "{8F10537E-97D4-4E9B-8EDA-D94A5338A875}"
EndProject
Project("{FAE04EC0-301F-11D3-BF4B-00C04F79EFBC}") = "DataAccess", "DataAccess\DataAccess.csproj", "{E4154536-181A-44DA-AB56-A9CA1F8A0B5E}"
EndProject
Project("{FAE04EC0-301F-11D3-BF4B-00C04F79EFBC}") = "Core", "Core\Core.csproj", "{5E55728E-FF40-493E-AC97-70B64D9B4E1B}"
EndProject
Project("{FAE04EC0-301F-11D3-BF4B-00C04F79EFBC}") = "Business", "Business\Business.csproj", "{FE76BAB5-60F0-465A-A79B-E768D51D6035}"
EndProject
Project("{FAE04EC0-301F-11D3-BF4B-00C04F79EFBC}") = "WebApi", "WebApi\WebApi.csproj", "{1510F7B3-11F9-448C-ACC0-9AFA58920019}"
EndProject
Global
	GlobalSection(SolutionConfigurationPlatforms) = preSolution
		Debug|Any CPU = Debug|Any CPU
		Debug|x64 = Debug|x64
		Debug|x86 = Debug|x86
		Release|Any CPU = Release|Any CPU
		Release|x64 = Release|x64
		Release|x86 = Release|x86
	EndGlobalSection
	GlobalSection(SolutionProperties) = preSolution
		HideSolutionNode = FALSE
	EndGlobalSection
	GlobalSection(ProjectConfigurationPlatforms) = postSolution
		{8F10537E-97D4-4E9B-8EDA-D94A5338A875}.Debug|Any CPU.ActiveCfg = Debug|Any CPU
		{8F10537E-97D4-4E9B-8EDA-D94A5338A875}.Debug|Any CPU.Build.0 = Debug|Any CPU
		{8F10537E-97D4-4E9B-8EDA-D94A5338A875}.Debug|x64.ActiveCfg = Debug|Any CPU
		{8F10537E-97D4-4E9B-8EDA-D94A5338A875}.Debug|x64.Build.0 = Debug|Any CPU
		{8F10537E-97D4-4E9B-8EDA-D94A5338A875}.Debug|x86.ActiveCfg = Debug|Any CPU
		{8F10537E-97D4-4E9B-8EDA-D94A5338A875}.Debug|x86.Build.0 = Debug|Any CPU
		{8F10537E-97D4-4E9B-8EDA-D94A5338A875}.Release|Any CPU.ActiveCfg = Release|Any CPU
		{8F10537E-97D4-4E9B-8EDA-D94A5338A875}.Release|Any CPU.Build.0 = Release|Any CPU
		{8F10537E-97D4-4E9B-8EDA-D94A5338A875}.Release|x64.ActiveCfg = Release|Any CPU
		{8F10537E-97D4-4E9B-8EDA-D94A5338A875}.Release|x64.Build.0 = Release|Any CPU
		{8F10537E-97D4-4E9B-8EDA-D94A5338A875}.Release|x86.ActiveCfg = Release|Any CPU
		{8F10537E-97D4-4E9B-8EDA-D94A5338A875}.Release|x86.Build.0 = Release|Any CPU
		{E4154536-181A-44DA-AB56-A9CA1F8A0B5E}.Debug|Any CPU.ActiveCfg = Debug|Any CPU
		{E4154536-181A-44DA-AB56-A9CA1F8A0B5E}.Debug|Any CPU.Build.0 = Debug|Any CPU
		{E4154536-181A-44DA-AB56-A9CA1F8A0B5E}.Debug|x64.ActiveCfg = Debug|Any CPU
		{E4154536-181A-44DA-AB56-A9CA1F8A0B5E}.Debug|x64.Build.0 = Debug|Any CPU
		{E4154536-181A-44DA-AB56-A9CA1F8A0B5E}.Debug|x86.ActiveCfg = Debug|Any CPU
		{E4154536-181A-44DA-AB56-A9CA1F8A0B5E}.Debug|x86.Build.0 = Debug|Any CPU
		{E4154536-181A-44DA-AB56-A9CA1F8A0B5E}.Release|Any CPU.ActiveCfg = Release|Any CPU
		{E4154536-181A-44DA-AB56-A9CA1F8A0B5E}.Release|Any CPU.Build.0 = Release|Any CPU
		{E4154536-181A-44DA-AB56-A9CA1F8A0B5E}.Release|x64.ActiveCfg = Release|Any CPU
		{E4154536-181A-44DA-AB56-A9CA1F8A0B5E}.Release|x64.Build.0 = Release|Any CPU
		{E4154536-181A-44DA-AB56-A9CA1F8A0B5E}.Release|x86.ActiveCfg = Release|Any CPU
		{E4154536-181A-44DA-AB56-A9CA1F8A0B5E}.Release|x86.Build.0 = Release|Any CPU
		{5E55728E-FF40-493E-AC97-70B64D9B4E1B}.Debug|Any CPU.ActiveCfg = Debug|Any CPU
		{5E55728E-FF40-493E-AC97-70B64D9B4E1B}.Debug|Any CPU.Build.0 = Debug|Any CPU
		{5E55728E-FF40-493E-AC97-70B64D9B4E1B}.Debug|x64.ActiveCfg = Debug|Any CPU
		{5E55728E-FF40-493E-AC97-70B64D9B4E1B}.Debug|x64.Build.0 = Debug|Any CPU
		{5E55728E-FF40-493E-AC97-70B64D9B4E1B}.Debug|x86.ActiveCfg = Debug|Any CPU
		{5E55728E-FF40-493E-AC97-70B64D9B4E1B}.Debug|x86.Build.0 = Debug|Any CPU
		{5E55728E-FF40-493E-AC97-70B64D9B4E1B}.Release|Any CPU.ActiveCfg = Release|Any CPU
		{5E55728E-FF40-493E-AC97-70B64D9B4E1B}.Release|Any CPU.Build.0 = Release|Any CPU
		{5E55728E-FF40-493E-AC97-70B64D9B4E1B}.Release|x64.ActiveCfg = Release|Any CPU
		{5E55728E-FF40-493E-AC97-70B64D9B4E1B}.Release|x64.Build.0 = Release|Any CPU
		{5E55728E-FF40-493E-AC97-70B64D9B4E1B}.Release|x86.ActiveCfg = Release|Any CPU
		{5E55728E-FF40-493E-AC97-70B64D9B4E1B}.Release|x86.Build.0 = Release|Any CPU
		{FE76BAB5-60F0-465A-A79B-E768D51D6035}.Debug|Any CPU.ActiveCfg = Debug|Any CPU
		{FE76BAB5-60F0-465A-A79B-E768D51D6035}.Debug|Any CPU.Build.0 = Debug|Any CPU
		{FE76BAB5-60F0-465A-A79B-E768D51D6035}.Debug|x64.ActiveCfg = Debug|Any CPU
		{FE76BAB5-60F0-465A-A79B-E768D51D6035}.Debug|x64.Build.0 = Debug|Any CPU
		{FE76BAB5-60F0-465A-A79B-E768D51D6035}.Debug|x86.ActiveCfg = Debug|Any CPU
		{FE76BAB5-60F0-465A-A79B-E768D51D6035}.Debug|x86.Build.0 = Debug|Any CPU
		{FE76BAB5-60F0-465A-A79B-E768D51D6035}.Release|Any CPU.ActiveCfg = Release|Any CPU
		{FE76BAB5-60F0-465A-A79B-E768D51D6035}.Release|Any CPU.Build.0 = Release|Any CPU
		{FE76BAB5-60F0-465A-A79B-E768D51D6035}.Release|x64.ActiveCfg = Release|Any CPU
		{FE76BAB5-60F0-465A-A79B-E768D51D6035}.Release|x64.Build.0 = Release|Any CPU
		{FE76BAB5-60F0-465A-A79B-E768D51D6035}.Release|x86.ActiveCfg = Release|Any CPU
		{FE76BAB5-60F0-465A-A79B-E768D51D6035}.Release|x86.Build.0 = Release|Any CPU
		{1510F7B3-11F9-448C-ACC0-9AFA58920019}.Debug|Any CPU.ActiveCfg = Debug|Any CPU
		{1510F7B3-11F9-448C-ACC0-9AFA58920019}.Debug|Any CPU.Build.0 = Debug|Any CPU
		{1510F7B3-11F9-448C-ACC0-9AFA58920019}.Debug|x64.ActiveCfg = Debug|Any CPU
		{1510F7B3-11F9-448C-ACC0-9AFA58920019}.Debug|x64.Build.0 = Debug|Any CPU
		{1510F7B3-11F9-448C-ACC0-9AFA58920019}.Debug|x86.ActiveCfg = Debug|Any CPU
		{1510F7B3-11F9-448C-ACC0-9AFA58920019}.Debug|x86.Build.0 = Debug|Any CPU
		{1510F7B3-11F9-448C-ACC0-9AFA58920019}.Release|Any CPU.ActiveCfg = Release|Any CPU
		{1510F7B3-11F9-448C-ACC0-9AFA58920019}.Release|Any CPU.Build.0 = Release|Any CPU
		{1510F7B3-11F9-448C-ACC0-9AFA58920019}.Release|x64.ActiveCfg = Release|Any CPU
		{1510F7B3-11F9-448C-ACC0-9AFA58920019}.Release|x64.Build.0 = Release|Any CPU
		{1510F7B3-11F9-448C-ACC0-9AFA58920019}.Release|x86.ActiveCfg = Release|Any CPU
		{1510F7B3-11F9-448C-ACC0-9AFA58920019}.Release|x86.Build.0 = Release|Any CPU
	EndGlobalSection
EndGlobal
